
Microsoft Visual Studio Solution File, Format Version 12.00
# Visual Studio Version 17
VisualStudioVersion = 17.2.32630.192
MinimumVisualStudioVersion = 10.0.40219.1
Project("{FAE04EC0-301F-11D3-BF4B-00C04F79EFBC}") = "C969 Project", "C969 Project\C969 Project.csproj", "{86908FC6-3BE3-4DBA-8898-B9BC3AB6B103}"
EndProject
Project("{2150E333-8FDC-42A3-9474-1A3956D46DE8}") = "Solution Items", "Solution Items", "{B980FF24-BD66-4EDC-AA2A-D471E46DD6CE}"
	ProjectSection(SolutionItems) = preProject
		NeededForms.txt = NeededForms.txt
	EndProjectSection
EndProject
Global
	GlobalSection(SolutionConfigurationPlatforms) = preSolution
		Debug|Any CPU = Debug|Any CPU
		Release|Any CPU = Release|Any CPU
	EndGlobalSection
	GlobalSection(ProjectConfigurationPlatforms) = postSolution
		{86908FC6-3BE3-4DBA-8898-B9BC3AB6B103}.Debug|Any CPU.ActiveCfg = Debug|Any CPU
		{86908FC6-3BE3-4DBA-8898-B9BC3AB6B103}.Debug|Any CPU.Build.0 = Debug|Any CPU
		{86908FC6-3BE3-4DBA-8898-B9BC3AB6B103}.Release|Any CPU.ActiveCfg = Release|Any CPU
		{86908FC6-3BE3-4DBA-8898-B9BC3AB6B103}.Release|Any CPU.Build.0 = Release|Any CPU
	EndGlobalSection
	GlobalSection(SolutionProperties) = preSolution
		HideSolutionNode = FALSE
	EndGlobalSection
	GlobalSection(ExtensibilityGlobals) = postSolution
		SolutionGuid = {5ABD4245-69C2-42AE-9FEC-BDCBDCE53938}
	EndGlobalSection
EndGlobal
